
Microsoft Visual Studio Solution File, Format Version 12.00
# Visual Studio 14
VisualStudioVersion = 14.0.25420.1
MinimumVisualStudioVersion = 10.0.40219.1
Project("{FAE04EC0-301F-11D3-BF4B-00C04F79EFBC}") = "IconButtonSample", "IconButtonSample\IconButtonSample\IconButtonSample.csproj", "{FA2E180D-5F29-4BF7-8D57-5C4F44993C07}"
EndProject
Project("{FAE04EC0-301F-11D3-BF4B-00C04F79EFBC}") = "IconButtonSample.Droid", "IconButtonSample\IconButtonSample.Droid\IconButtonSample.Droid.csproj", "{D023806A-C920-4E1A-B508-6D708AD1232B}"
EndProject
Project("{FAE04EC0-301F-11D3-BF4B-00C04F79EFBC}") = "IconButtonSample.iOS", "IconButtonSample\IconButtonSample.iOS\IconButtonSample.iOS.csproj", "{BF630139-EB33-4543-9BCD-2477FC4E1BF2}"
EndProject
Project("{FAE04EC0-301F-11D3-BF4B-00C04F79EFBC}") = "IconButtonSample.UWP", "IconButtonSample\IconButtonSample.UWP\IconButtonSample.UWP.csproj", "{62ADDC0B-7D1A-40DF-8084-200410059FEA}"
EndProject
Global
	GlobalSection(SolutionConfigurationPlatforms) = preSolution
		Ad-Hoc|Any CPU = Ad-Hoc|Any CPU
		Ad-Hoc|ARM = Ad-Hoc|ARM
		Ad-Hoc|iPhone = Ad-Hoc|iPhone
		Ad-Hoc|iPhoneSimulator = Ad-Hoc|iPhoneSimulator
		Ad-Hoc|x64 = Ad-Hoc|x64
		Ad-Hoc|x86 = Ad-Hoc|x86
		AppStore|Any CPU = AppStore|Any CPU
		AppStore|ARM = AppStore|ARM
		AppStore|iPhone = AppStore|iPhone
		AppStore|iPhoneSimulator = AppStore|iPhoneSimulator
		AppStore|x64 = AppStore|x64
		AppStore|x86 = AppStore|x86
		Debug|Any CPU = Debug|Any CPU
		Debug|ARM = Debug|ARM
		Debug|iPhone = Debug|iPhone
		Debug|iPhoneSimulator = Debug|iPhoneSimulator
		Debug|x64 = Debug|x64
		Debug|x86 = Debug|x86
		Release|Any CPU = Release|Any CPU
		Release|ARM = Release|ARM
		Release|iPhone = Release|iPhone
		Release|iPhoneSimulator = Release|iPhoneSimulator
		Release|x64 = Release|x64
		Release|x86 = Release|x86
	EndGlobalSection
	GlobalSection(ProjectConfigurationPlatforms) = postSolution
		{FA2E180D-5F29-4BF7-8D57-5C4F44993C07}.Ad-Hoc|Any CPU.ActiveCfg = Release|Any CPU
		{FA2E180D-5F29-4BF7-8D57-5C4F44993C07}.Ad-Hoc|Any CPU.Build.0 = Release|Any CPU
		{FA2E180D-5F29-4BF7-8D57-5C4F44993C07}.Ad-Hoc|ARM.ActiveCfg = Release|Any CPU
		{FA2E180D-5F29-4BF7-8D57-5C4F44993C07}.Ad-Hoc|ARM.Build.0 = Release|Any CPU
		{FA2E180D-5F29-4BF7-8D57-5C4F44993C07}.Ad-Hoc|iPhone.ActiveCfg = Release|Any CPU
		{FA2E180D-5F29-4BF7-8D57-5C4F44993C07}.Ad-Hoc|iPhone.Build.0 = Release|Any CPU
		{FA2E180D-5F29-4BF7-8D57-5C4F44993C07}.Ad-Hoc|iPhoneSimulator.ActiveCfg = Release|Any CPU
		{FA2E180D-5F29-4BF7-8D57-5C4F44993C07}.Ad-Hoc|iPhoneSimulator.Build.0 = Release|Any CPU
		{FA2E180D-5F29-4BF7-8D57-5C4F44993C07}.Ad-Hoc|x64.ActiveCfg = Release|Any CPU
		{FA2E180D-5F29-4BF7-8D57-5C4F44993C07}.Ad-Hoc|x64.Build.0 = Release|Any CPU
		{FA2E180D-5F29-4BF7-8D57-5C4F44993C07}.Ad-Hoc|x86.ActiveCfg = Release|Any CPU
		{FA2E180D-5F29-4BF7-8D57-5C4F44993C07}.Ad-Hoc|x86.Build.0 = Release|Any CPU
		{FA2E180D-5F29-4BF7-8D57-5C4F44993C07}.AppStore|Any CPU.ActiveCfg = Release|Any CPU
		{FA2E180D-5F29-4BF7-8D57-5C4F44993C07}.AppStore|Any CPU.Build.0 = Release|Any CPU
		{FA2E180D-5F29-4BF7-8D57-5C4F44993C07}.AppStore|ARM.ActiveCfg = Release|Any CPU
		{FA2E180D-5F29-4BF7-8D57-5C4F44993C07}.AppStore|ARM.Build.0 = Release|Any CPU
		{FA2E180D-5F29-4BF7-8D57-5C4F44993C07}.AppStore|iPhone.ActiveCfg = Release|Any CPU
		{FA2E180D-5F29-4BF7-8D57-5C4F44993C07}.AppStore|iPhone.Build.0 = Release|Any CPU
		{FA2E180D-5F29-4BF7-8D57-5C4F44993C07}.AppStore|iPhoneSimulator.ActiveCfg = Release|Any CPU
		{FA2E180D-5F29-4BF7-8D57-5C4F44993C07}.AppStore|iPhoneSimulator.Build.0 = Release|Any CPU
		{FA2E180D-5F29-4BF7-8D57-5C4F44993C07}.AppStore|x64.ActiveCfg = Release|Any CPU
		{FA2E180D-5F29-4BF7-8D57-5C4F44993C07}.AppStore|x64.Build.0 = Release|Any CPU
		{FA2E180D-5F29-4BF7-8D57-5C4F44993C07}.AppStore|x86.ActiveCfg = Release|Any CPU
		{FA2E180D-5F29-4BF7-8D57-5C4F44993C07}.AppStore|x86.Build.0 = Release|Any CPU
		{FA2E180D-5F29-4BF7-8D57-5C4F44993C07}.Debug|Any CPU.ActiveCfg = Debug|Any CPU
		{FA2E180D-5F29-4BF7-8D57-5C4F44993C07}.Debug|Any CPU.Build.0 = Debug|Any CPU
		{FA2E180D-5F29-4BF7-8D57-5C4F44993C07}.Debug|ARM.ActiveCfg = Debug|Any CPU
		{FA2E180D-5F29-4BF7-8D57-5C4F44993C07}.Debug|ARM.Build.0 = Debug|Any CPU
		{FA2E180D-5F29-4BF7-8D57-5C4F44993C07}.Debug|iPhone.ActiveCfg = Debug|Any CPU
		{FA2E180D-5F29-4BF7-8D57-5C4F44993C07}.Debug|iPhone.Build.0 = Debug|Any CPU
		{FA2E180D-5F29-4BF7-8D57-5C4F44993C07}.Debug|iPhoneSimulator.ActiveCfg = Debug|Any CPU
		{FA2E180D-5F29-4BF7-8D57-5C4F44993C07}.Debug|iPhoneSimulator.Build.0 = Debug|Any CPU
		{FA2E180D-5F29-4BF7-8D57-5C4F44993C07}.Debug|x64.ActiveCfg = Debug|Any CPU
		{FA2E180D-5F29-4BF7-8D57-5C4F44993C07}.Debug|x64.Build.0 = Debug|Any CPU
		{FA2E180D-5F29-4BF7-8D57-5C4F44993C07}.Debug|x86.ActiveCfg = Debug|Any CPU
		{FA2E180D-5F29-4BF7-8D57-5C4F44993C07}.Debug|x86.Build.0 = Debug|Any CPU
		{FA2E180D-5F29-4BF7-8D57-5C4F44993C07}.Release|Any CPU.ActiveCfg = Release|Any CPU
		{FA2E180D-5F29-4BF7-8D57-5C4F44993C07}.Release|Any CPU.Build.0 = Release|Any CPU
		{FA2E180D-5F29-4BF7-8D57-5C4F44993C07}.Release|ARM.ActiveCfg = Release|Any CPU
		{FA2E180D-5F29-4BF7-8D57-5C4F44993C07}.Release|ARM.Build.0 = Release|Any CPU
		{FA2E180D-5F29-4BF7-8D57-5C4F44993C07}.Release|iPhone.ActiveCfg = Release|Any CPU
		{FA2E180D-5F29-4BF7-8D57-5C4F44993C07}.Release|iPhone.Build.0 = Release|Any CPU
		{FA2E180D-5F29-4BF7-8D57-5C4F44993C07}.Release|iPhoneSimulator.ActiveCfg = Release|Any CPU
		{FA2E180D-5F29-4BF7-8D57-5C4F44993C07}.Release|iPhoneSimulator.Build.0 = Release|Any CPU
		{FA2E180D-5F29-4BF7-8D57-5C4F44993C07}.Release|x64.ActiveCfg = Release|Any CPU
		{FA2E180D-5F29-4BF7-8D57-5C4F44993C07}.Release|x64.Build.0 = Release|Any CPU
		{FA2E180D-5F29-4BF7-8D57-5C4F44993C07}.Release|x86.ActiveCfg = Release|Any CPU
		{FA2E180D-5F29-4BF7-8D57-5C4F44993C07}.Release|x86.Build.0 = Release|Any CPU
		{D023806A-C920-4E1A-B508-6D708AD1232B}.Ad-Hoc|Any CPU.ActiveCfg = Release|Any CPU
		{D023806A-C920-4E1A-B508-6D708AD1232B}.Ad-Hoc|Any CPU.Build.0 = Release|Any CPU
		{D023806A-C920-4E1A-B508-6D708AD1232B}.Ad-Hoc|Any CPU.Deploy.0 = Release|Any CPU
		{D023806A-C920-4E1A-B508-6D708AD1232B}.Ad-Hoc|ARM.ActiveCfg = Release|Any CPU
		{D023806A-C920-4E1A-B508-6D708AD1232B}.Ad-Hoc|ARM.Build.0 = Release|Any CPU
		{D023806A-C920-4E1A-B508-6D708AD1232B}.Ad-Hoc|ARM.Deploy.0 = Release|Any CPU
		{D023806A-C920-4E1A-B508-6D708AD1232B}.Ad-Hoc|iPhone.ActiveCfg = Release|Any CPU
		{D023806A-C920-4E1A-B508-6D708AD1232B}.Ad-Hoc|iPhone.Build.0 = Release|Any CPU
		{D023806A-C920-4E1A-B508-6D708AD1232B}.Ad-Hoc|iPhone.Deploy.0 = Release|Any CPU
		{D023806A-C920-4E1A-B508-6D708AD1232B}.Ad-Hoc|iPhoneSimulator.ActiveCfg = Release|Any CPU
		{D023806A-C920-4E1A-B508-6D708AD1232B}.Ad-Hoc|iPhoneSimulator.Build.0 = Release|Any CPU
		{D023806A-C920-4E1A-B508-6D708AD1232B}.Ad-Hoc|iPhoneSimulator.Deploy.0 = Release|Any CPU
		{D023806A-C920-4E1A-B508-6D708AD1232B}.Ad-Hoc|x64.ActiveCfg = Release|Any CPU
		{D023806A-C920-4E1A-B508-6D708AD1232B}.Ad-Hoc|x64.Build.0 = Release|Any CPU
		{D023806A-C920-4E1A-B508-6D708AD1232B}.Ad-Hoc|x64.Deploy.0 = Release|Any CPU
		{D023806A-C920-4E1A-B508-6D708AD1232B}.Ad-Hoc|x86.ActiveCfg = Release|Any CPU
		{D023806A-C920-4E1A-B508-6D708AD1232B}.Ad-Hoc|x86.Build.0 = Release|Any CPU
		{D023806A-C920-4E1A-B508-6D708AD1232B}.Ad-Hoc|x86.Deploy.0 = Release|Any CPU
		{D023806A-C920-4E1A-B508-6D708AD1232B}.AppStore|Any CPU.ActiveCfg = Release|Any CPU
		{D023806A-C920-4E1A-B508-6D708AD1232B}.AppStore|Any CPU.Build.0 = Release|Any CPU
		{D023806A-C920-4E1A-B508-6D708AD1232B}.AppStore|Any CPU.Deploy.0 = Release|Any CPU
		{D023806A-C920-4E1A-B508-6D708AD1232B}.AppStore|ARM.ActiveCfg = Release|Any CPU
		{D023806A-C920-4E1A-B508-6D708AD1232B}.AppStore|ARM.Build.0 = Release|Any CPU
		{D023806A-C920-4E1A-B508-6D708AD1232B}.AppStore|ARM.Deploy.0 = Release|Any CPU
		{D023806A-C920-4E1A-B508-6D708AD1232B}.AppStore|iPhone.ActiveCfg = Release|Any CPU
		{D023806A-C920-4E1A-B508-6D708AD1232B}.AppStore|iPhone.Build.0 = Release|Any CPU
		{D023806A-C920-4E1A-B508-6D708AD1232B}.AppStore|iPhone.Deploy.0 = Release|Any CPU
		{D023806A-C920-4E1A-B508-6D708AD1232B}.AppStore|iPhoneSimulator.ActiveCfg = Release|Any CPU
		{D023806A-C920-4E1A-B508-6D708AD1232B}.AppStore|iPhoneSimulator.Build.0 = Release|Any CPU
		{D023806A-C920-4E1A-B508-6D708AD1232B}.AppStore|iPhoneSimulator.Deploy.0 = Release|Any CPU
		{D023806A-C920-4E1A-B508-6D708AD1232B}.AppStore|x64.ActiveCfg = Release|Any CPU
		{D023806A-C920-4E1A-B508-6D708AD1232B}.AppStore|x64.Build.0 = Release|Any CPU
		{D023806A-C920-4E1A-B508-6D708AD1232B}.AppStore|x64.Deploy.0 = Release|Any CPU
		{D023806A-C920-4E1A-B508-6D708AD1232B}.AppStore|x86.ActiveCfg = Release|Any CPU
		{D023806A-C920-4E1A-B508-6D708AD1232B}.AppStore|x86.Build.0 = Release|Any CPU
		{D023806A-C920-4E1A-B508-6D708AD1232B}.AppStore|x86.Deploy.0 = Release|Any CPU
		{D023806A-C920-4E1A-B508-6D708AD1232B}.Debug|Any CPU.ActiveCfg = Debug|Any CPU
		{D023806A-C920-4E1A-B508-6D708AD1232B}.Debug|Any CPU.Build.0 = Debug|Any CPU
		{D023806A-C920-4E1A-B508-6D708AD1232B}.Debug|Any CPU.Deploy.0 = Debug|Any CPU
		{D023806A-C920-4E1A-B508-6D708AD1232B}.Debug|ARM.ActiveCfg = Debug|Any CPU
		{D023806A-C920-4E1A-B508-6D708AD1232B}.Debug|iPhone.ActiveCfg = Debug|Any CPU
		{D023806A-C920-4E1A-B508-6D708AD1232B}.Debug|iPhoneSimulator.ActiveCfg = Debug|Any CPU
		{D023806A-C920-4E1A-B508-6D708AD1232B}.Debug|x64.ActiveCfg = Debug|Any CPU
		{D023806A-C920-4E1A-B508-6D708AD1232B}.Debug|x86.ActiveCfg = Debug|Any CPU
		{D023806A-C920-4E1A-B508-6D708AD1232B}.Release|Any CPU.ActiveCfg = Release|Any CPU
		{D023806A-C920-4E1A-B508-6D708AD1232B}.Release|Any CPU.Build.0 = Release|Any CPU
		{D023806A-C920-4E1A-B508-6D708AD1232B}.Release|Any CPU.Deploy.0 = Release|Any CPU
		{D023806A-C920-4E1A-B508-6D708AD1232B}.Release|ARM.ActiveCfg = Release|Any CPU
		{D023806A-C920-4E1A-B508-6D708AD1232B}.Release|ARM.Build.0 = Release|Any CPU
		{D023806A-C920-4E1A-B508-6D708AD1232B}.Release|ARM.Deploy.0 = Release|Any CPU
		{D023806A-C920-4E1A-B508-6D708AD1232B}.Release|iPhone.ActiveCfg = Release|Any CPU
		{D023806A-C920-4E1A-B508-6D708AD1232B}.Release|iPhone.Build.0 = Release|Any CPU
		{D023806A-C920-4E1A-B508-6D708AD1232B}.Release|iPhone.Deploy.0 = Release|Any CPU
		{D023806A-C920-4E1A-B508-6D708AD1232B}.Release|iPhoneSimulator.ActiveCfg = Release|Any CPU
		{D023806A-C920-4E1A-B508-6D708AD1232B}.Release|iPhoneSimulator.Build.0 = Release|Any CPU
		{D023806A-C920-4E1A-B508-6D708AD1232B}.Release|iPhoneSimulator.Deploy.0 = Release|Any CPU
		{D023806A-C920-4E1A-B508-6D708AD1232B}.Release|x64.ActiveCfg = Release|Any CPU
		{D023806A-C920-4E1A-B508-6D708AD1232B}.Release|x64.Build.0 = Release|Any CPU
		{D023806A-C920-4E1A-B508-6D708AD1232B}.Release|x64.Deploy.0 = Release|Any CPU
		{D023806A-C920-4E1A-B508-6D708AD1232B}.Release|x86.ActiveCfg = Release|Any CPU
		{D023806A-C920-4E1A-B508-6D708AD1232B}.Release|x86.Build.0 = Release|Any CPU
		{D023806A-C920-4E1A-B508-6D708AD1232B}.Release|x86.Deploy.0 = Release|Any CPU
		{BF630139-EB33-4543-9BCD-2477FC4E1BF2}.Ad-Hoc|Any CPU.ActiveCfg = Ad-Hoc|iPhone
		{BF630139-EB33-4543-9BCD-2477FC4E1BF2}.Ad-Hoc|ARM.ActiveCfg = Ad-Hoc|iPhone
		{BF630139-EB33-4543-9BCD-2477FC4E1BF2}.Ad-Hoc|iPhone.ActiveCfg = Ad-Hoc|iPhone
		{BF630139-EB33-4543-9BCD-2477FC4E1BF2}.Ad-Hoc|iPhone.Build.0 = Ad-Hoc|iPhone
		{BF630139-EB33-4543-9BCD-2477FC4E1BF2}.Ad-Hoc|iPhoneSimulator.ActiveCfg = Ad-Hoc|iPhoneSimulator
		{BF630139-EB33-4543-9BCD-2477FC4E1BF2}.Ad-Hoc|iPhoneSimulator.Build.0 = Ad-Hoc|iPhoneSimulator
		{BF630139-EB33-4543-9BCD-2477FC4E1BF2}.Ad-Hoc|x64.ActiveCfg = Ad-Hoc|iPhone
		{BF630139-EB33-4543-9BCD-2477FC4E1BF2}.Ad-Hoc|x86.ActiveCfg = Ad-Hoc|iPhone
		{BF630139-EB33-4543-9BCD-2477FC4E1BF2}.AppStore|Any CPU.ActiveCfg = AppStore|iPhone
		{BF630139-EB33-4543-9BCD-2477FC4E1BF2}.AppStore|ARM.ActiveCfg = AppStore|iPhone
		{BF630139-EB33-4543-9BCD-2477FC4E1BF2}.AppStore|iPhone.ActiveCfg = AppStore|iPhone
		{BF630139-EB33-4543-9BCD-2477FC4E1BF2}.AppStore|iPhone.Build.0 = AppStore|iPhone
		{BF630139-EB33-4543-9BCD-2477FC4E1BF2}.AppStore|iPhoneSimulator.ActiveCfg = AppStore|iPhoneSimulator
		{BF630139-EB33-4543-9BCD-2477FC4E1BF2}.AppStore|iPhoneSimulator.Build.0 = AppStore|iPhoneSimulator
		{BF630139-EB33-4543-9BCD-2477FC4E1BF2}.AppStore|x64.ActiveCfg = AppStore|iPhone
		{BF630139-EB33-4543-9BCD-2477FC4E1BF2}.AppStore|x86.ActiveCfg = AppStore|iPhone
		{BF630139-EB33-4543-9BCD-2477FC4E1BF2}.Debug|Any CPU.ActiveCfg = Debug|iPhone
		{BF630139-EB33-4543-9BCD-2477FC4E1BF2}.Debug|ARM.ActiveCfg = Debug|iPhone
		{BF630139-EB33-4543-9BCD-2477FC4E1BF2}.Debug|iPhone.ActiveCfg = Debug|iPhone
		{BF630139-EB33-4543-9BCD-2477FC4E1BF2}.Debug|iPhone.Build.0 = Debug|iPhone
		{BF630139-EB33-4543-9BCD-2477FC4E1BF2}.Debug|iPhoneSimulator.ActiveCfg = Debug|iPhoneSimulator
		{BF630139-EB33-4543-9BCD-2477FC4E1BF2}.Debug|iPhoneSimulator.Build.0 = Debug|iPhoneSimulator
		{BF630139-EB33-4543-9BCD-2477FC4E1BF2}.Debug|x64.ActiveCfg = Debug|iPhone
		{BF630139-EB33-4543-9BCD-2477FC4E1BF2}.Debug|x86.ActiveCfg = Debug|iPhone
		{BF630139-EB33-4543-9BCD-2477FC4E1BF2}.Release|Any CPU.ActiveCfg = Release|iPhone
		{BF630139-EB33-4543-9BCD-2477FC4E1BF2}.Release|ARM.ActiveCfg = Release|iPhone
		{BF630139-EB33-4543-9BCD-2477FC4E1BF2}.Release|iPhone.ActiveCfg = Release|iPhone
		{BF630139-EB33-4543-9BCD-2477FC4E1BF2}.Release|iPhone.Build.0 = Release|iPhone
		{BF630139-EB33-4543-9BCD-2477FC4E1BF2}.Release|iPhoneSimulator.ActiveCfg = Release|iPhoneSimulator
		{BF630139-EB33-4543-9BCD-2477FC4E1BF2}.Release|iPhoneSimulator.Build.0 = Release|iPhoneSimulator
		{BF630139-EB33-4543-9BCD-2477FC4E1BF2}.Release|x64.ActiveCfg = Release|iPhone
		{BF630139-EB33-4543-9BCD-2477FC4E1BF2}.Release|x86.ActiveCfg = Release|iPhone
		{62ADDC0B-7D1A-40DF-8084-200410059FEA}.Ad-Hoc|Any CPU.ActiveCfg = Release|x86
		{62ADDC0B-7D1A-40DF-8084-200410059FEA}.Ad-Hoc|Any CPU.Build.0 = Release|x86
		{62ADDC0B-7D1A-40DF-8084-200410059FEA}.Ad-Hoc|Any CPU.Deploy.0 = Release|x86
		{62ADDC0B-7D1A-40DF-8084-200410059FEA}.Ad-Hoc|ARM.ActiveCfg = Release|ARM
		{62ADDC0B-7D1A-40DF-8084-200410059FEA}.Ad-Hoc|ARM.Build.0 = Release|ARM
		{62ADDC0B-7D1A-40DF-8084-200410059FEA}.Ad-Hoc|ARM.Deploy.0 = Release|ARM
		{62ADDC0B-7D1A-40DF-8084-200410059FEA}.Ad-Hoc|iPhone.ActiveCfg = Release|x86
		{62ADDC0B-7D1A-40DF-8084-200410059FEA}.Ad-Hoc|iPhone.Build.0 = Release|x86
		{62ADDC0B-7D1A-40DF-8084-200410059FEA}.Ad-Hoc|iPhone.Deploy.0 = Release|x86
		{62ADDC0B-7D1A-40DF-8084-200410059FEA}.Ad-Hoc|iPhoneSimulator.ActiveCfg = Release|x86
		{62ADDC0B-7D1A-40DF-8084-200410059FEA}.Ad-Hoc|iPhoneSimulator.Build.0 = Release|x86
		{62ADDC0B-7D1A-40DF-8084-200410059FEA}.Ad-Hoc|iPhoneSimulator.Deploy.0 = Release|x86
		{62ADDC0B-7D1A-40DF-8084-200410059FEA}.Ad-Hoc|x64.ActiveCfg = Release|x64
		{62ADDC0B-7D1A-40DF-8084-200410059FEA}.Ad-Hoc|x64.Build.0 = Release|x64
		{62ADDC0B-7D1A-40DF-8084-200410059FEA}.Ad-Hoc|x64.Deploy.0 = Release|x64
		{62ADDC0B-7D1A-40DF-8084-200410059FEA}.Ad-Hoc|x86.ActiveCfg = Release|x86
		{62ADDC0B-7D1A-40DF-8084-200410059FEA}.Ad-Hoc|x86.Build.0 = Release|x86
		{62ADDC0B-7D1A-40DF-8084-200410059FEA}.Ad-Hoc|x86.Deploy.0 = Release|x86
		{62ADDC0B-7D1A-40DF-8084-200410059FEA}.AppStore|Any CPU.ActiveCfg = Release|x86
		{62ADDC0B-7D1A-40DF-8084-200410059FEA}.AppStore|Any CPU.Build.0 = Release|x86
		{62ADDC0B-7D1A-40DF-8084-200410059FEA}.AppStore|Any CPU.Deploy.0 = Release|x86
		{62ADDC0B-7D1A-40DF-8084-200410059FEA}.AppStore|ARM.ActiveCfg = Release|ARM
		{62ADDC0B-7D1A-40DF-8084-200410059FEA}.AppStore|ARM.Build.0 = Release|ARM
		{62ADDC0B-7D1A-40DF-8084-200410059FEA}.AppStore|ARM.Deploy.0 = Release|ARM
		{62ADDC0B-7D1A-40DF-8084-200410059FEA}.AppStore|iPhone.ActiveCfg = Release|x86
		{62ADDC0B-7D1A-40DF-8084-200410059FEA}.AppStore|iPhone.Build.0 = Release|x86
		{62ADDC0B-7D1A-40DF-8084-200410059FEA}.AppStore|iPhone.Deploy.0 = Release|x86
		{62ADDC0B-7D1A-40DF-8084-200410059FEA}.AppStore|iPhoneSimulator.ActiveCfg = Release|x86
		{62ADDC0B-7D1A-40DF-8084-200410059FEA}.AppStore|iPhoneSimulator.Build.0 = Release|x86
		{62ADDC0B-7D1A-40DF-8084-200410059FEA}.AppStore|iPhoneSimulator.Deploy.0 = Release|x86
		{62ADDC0B-7D1A-40DF-8084-200410059FEA}.AppStore|x64.ActiveCfg = Release|x64
		{62ADDC0B-7D1A-40DF-8084-200410059FEA}.AppStore|x64.Build.0 = Release|x64
		{62ADDC0B-7D1A-40DF-8084-200410059FEA}.AppStore|x64.Deploy.0 = Release|x64
		{62ADDC0B-7D1A-40DF-8084-200410059FEA}.AppStore|x86.ActiveCfg = Release|x86
		{62ADDC0B-7D1A-40DF-8084-200410059FEA}.AppStore|x86.Build.0 = Release|x86
		{62ADDC0B-7D1A-40DF-8084-200410059FEA}.AppStore|x86.Deploy.0 = Release|x86
		{62ADDC0B-7D1A-40DF-8084-200410059FEA}.Debug|Any CPU.ActiveCfg = Debug|x86
		{62ADDC0B-7D1A-40DF-8084-200410059FEA}.Debug|ARM.ActiveCfg = Debug|ARM
		{62ADDC0B-7D1A-40DF-8084-200410059FEA}.Debug|ARM.Build.0 = Debug|ARM
		{62ADDC0B-7D1A-40DF-8084-200410059FEA}.Debug|ARM.Deploy.0 = Debug|ARM
		{62ADDC0B-7D1A-40DF-8084-200410059FEA}.Debug|iPhone.ActiveCfg = Debug|x86
		{62ADDC0B-7D1A-40DF-8084-200410059FEA}.Debug|iPhoneSimulator.ActiveCfg = Debug|x86
		{62ADDC0B-7D1A-40DF-8084-200410059FEA}.Debug|x64.ActiveCfg = Debug|x64
		{62ADDC0B-7D1A-40DF-8084-200410059FEA}.Debug|x64.Build.0 = Debug|x64
		{62ADDC0B-7D1A-40DF-8084-200410059FEA}.Debug|x64.Deploy.0 = Debug|x64
		{62ADDC0B-7D1A-40DF-8084-200410059FEA}.Debug|x86.ActiveCfg = Debug|x86
		{62ADDC0B-7D1A-40DF-8084-200410059FEA}.Debug|x86.Build.0 = Debug|x86
		{62ADDC0B-7D1A-40DF-8084-200410059FEA}.Debug|x86.Deploy.0 = Debug|x86
		{62ADDC0B-7D1A-40DF-8084-200410059FEA}.Release|Any CPU.ActiveCfg = Release|x86
		{62ADDC0B-7D1A-40DF-8084-200410059FEA}.Release|ARM.ActiveCfg = Release|ARM
		{62ADDC0B-7D1A-40DF-8084-200410059FEA}.Release|ARM.Build.0 = Release|ARM
		{62ADDC0B-7D1A-40DF-8084-200410059FEA}.Release|ARM.Deploy.0 = Release|ARM
		{62ADDC0B-7D1A-40DF-8084-200410059FEA}.Release|iPhone.ActiveCfg = Release|x86
		{62ADDC0B-7D1A-40DF-8084-200410059FEA}.Release|iPhoneSimulator.ActiveCfg = Release|x86
		{62ADDC0B-7D1A-40DF-8084-200410059FEA}.Release|x64.ActiveCfg = Release|x64
		{62ADDC0B-7D1A-40DF-8084-200410059FEA}.Release|x64.Build.0 = Release|x64
		{62ADDC0B-7D1A-40DF-8084-200410059FEA}.Release|x64.Deploy.0 = Release|x64
		{62ADDC0B-7D1A-40DF-8084-200410059FEA}.Release|x86.ActiveCfg = Release|x86
		{62ADDC0B-7D1A-40DF-8084-200410059FEA}.Release|x86.Build.0 = Release|x86
		{62ADDC0B-7D1A-40DF-8084-200410059FEA}.Release|x86.Deploy.0 = Release|x86
	EndGlobalSection
	GlobalSection(SolutionProperties) = preSolution
		HideSolutionNode = FALSE
	EndGlobalSection
EndGlobal
